
Microsoft Visual Studio Solution File, Format Version 12.00
# Visual Studio Version 17
VisualStudioVersion = 17.4.33122.133
MinimumVisualStudioVersion = 10.0.40219.1
Project("{FAE04EC0-301F-11D3-BF4B-00C04F79EFBC}") = "DBChangeTracker", "DBChangeTracker\DBChangeTracker.csproj", "{36E5D455-BC9A-4CC2-BC40-73683E3E4E2B}"
EndProject
Global
	GlobalSection(SolutionConfigurationPlatforms) = preSolution
		Debug|Any CPU = Debug|Any CPU
		Release|Any CPU = Release|Any CPU
	EndGlobalSection
	GlobalSection(ProjectConfigurationPlatforms) = postSolution
		{36E5D455-BC9A-4CC2-BC40-73683E3E4E2B}.Debug|Any CPU.ActiveCfg = Debug|Any CPU
		{36E5D455-BC9A-4CC2-BC40-73683E3E4E2B}.Debug|Any CPU.Build.0 = Debug|Any CPU
		{36E5D455-BC9A-4CC2-BC40-73683E3E4E2B}.Release|Any CPU.ActiveCfg = Release|Any CPU
		{36E5D455-BC9A-4CC2-BC40-73683E3E4E2B}.Release|Any CPU.Build.0 = Release|Any CPU
	EndGlobalSection
	GlobalSection(SolutionProperties) = preSolution
		HideSolutionNode = FALSE
	EndGlobalSection
	GlobalSection(ExtensibilityGlobals) = postSolution
		SolutionGuid = {B0345E51-9A76-4F81-B52A-29B5CDB731D8}
	EndGlobalSection
EndGlobal
